
Microsoft Visual Studio Solution File, Format Version 12.00
# Visual Studio Version 16
VisualStudioVersion = 16.0.29424.173
MinimumVisualStudioVersion = 10.0.40219.1
Project("{FAE04EC0-301F-11D3-BF4B-00C04F79EFBC}") = "UnitTestProject1", "UnitTestProject1\UnitTestProject1.csproj", "{7F665EEC-98C0-4CAE-95EB-4F95EC4DA036}"
EndProject
Global
	GlobalSection(SolutionConfigurationPlatforms) = preSolution
		Debug|Any CPU = Debug|Any CPU
		Release|Any CPU = Release|Any CPU
	EndGlobalSection
	GlobalSection(ProjectConfigurationPlatforms) = postSolution
		{7F665EEC-98C0-4CAE-95EB-4F95EC4DA036}.Debug|Any CPU.ActiveCfg = Debug|Any CPU
		{7F665EEC-98C0-4CAE-95EB-4F95EC4DA036}.Debug|Any CPU.Build.0 = Debug|Any CPU
		{7F665EEC-98C0-4CAE-95EB-4F95EC4DA036}.Release|Any CPU.ActiveCfg = Release|Any CPU
		{7F665EEC-98C0-4CAE-95EB-4F95EC4DA036}.Release|Any CPU.Build.0 = Release|Any CPU
	EndGlobalSection
	GlobalSection(SolutionProperties) = preSolution
		HideSolutionNode = FALSE
	EndGlobalSection
	GlobalSection(ExtensibilityGlobals) = postSolution
		SolutionGuid = {66932607-93BE-4428-A4FF-611F68F052D3}
	EndGlobalSection
EndGlobal
